
Microsoft Visual Studio Solution File, Format Version 12.00
Project("{FAE04EC0-301F-11D3-BF4B-00C04F79EFBC}") = "IngressAgent", "IngressAgent\IngressAgent.csproj", "{DDBEF432-0788-4F81-A409-8D12DEA3F4A3}"
EndProject
Project("{FAE04EC0-301F-11D3-BF4B-00C04F79EFBC}") = "LoadBalancer", "LoadBalancer\LoadBalancer.csproj", "{EBEE8A14-B4EF-4FAE-99D9-06044EF4C1EB}"
EndProject
Project("{FAE04EC0-301F-11D3-BF4B-00C04F79EFBC}") = "ConfigRemote", "ConfigRemote\ConfigRemote.csproj", "{70D3ACCD-F8EA-4F04-BA3F-CB0B994F85DF}"
EndProject
Project("{FAE04EC0-301F-11D3-BF4B-00C04F79EFBC}") = "MockWebApi", "MockWebApi\MockWebApi.csproj", "{C340AB64-D7BB-4D7D-ABB1-0A12262E77F4}"
EndProject
Project("{FAE04EC0-301F-11D3-BF4B-00C04F79EFBC}") = "MockIngressAgent", "MockIngressAgent\MockIngressAgent.csproj", "{B95F328B-C620-4BEF-8A2B-668C6FFE2A9A}"
EndProject
Project("{FAE04EC0-301F-11D3-BF4B-00C04F79EFBC}") = "LoadBalancer.Test", "LoadBalancer.Test\LoadBalancer.Test.csproj", "{1D15B745-3BD8-4F50-91EA-5C14FB1CDC65}"
EndProject
Project("{FAE04EC0-301F-11D3-BF4B-00C04F79EFBC}") = "LoadBalancerAgent", "LoadBalancerAgent\LoadBalancerAgent.csproj", "{8E28526F-288F-4E57-AC1D-6BB7DFDCA366}"
EndProject
Global
	GlobalSection(SolutionConfigurationPlatforms) = preSolution
		Debug|Any CPU = Debug|Any CPU
		Release|Any CPU = Release|Any CPU
	EndGlobalSection
	GlobalSection(ProjectConfigurationPlatforms) = postSolution
		{DDBEF432-0788-4F81-A409-8D12DEA3F4A3}.Debug|Any CPU.ActiveCfg = Debug|Any CPU
		{DDBEF432-0788-4F81-A409-8D12DEA3F4A3}.Debug|Any CPU.Build.0 = Debug|Any CPU
		{DDBEF432-0788-4F81-A409-8D12DEA3F4A3}.Release|Any CPU.ActiveCfg = Release|Any CPU
		{DDBEF432-0788-4F81-A409-8D12DEA3F4A3}.Release|Any CPU.Build.0 = Release|Any CPU
		{EBEE8A14-B4EF-4FAE-99D9-06044EF4C1EB}.Debug|Any CPU.ActiveCfg = Debug|Any CPU
		{EBEE8A14-B4EF-4FAE-99D9-06044EF4C1EB}.Debug|Any CPU.Build.0 = Debug|Any CPU
		{EBEE8A14-B4EF-4FAE-99D9-06044EF4C1EB}.Release|Any CPU.ActiveCfg = Release|Any CPU
		{EBEE8A14-B4EF-4FAE-99D9-06044EF4C1EB}.Release|Any CPU.Build.0 = Release|Any CPU
		{70D3ACCD-F8EA-4F04-BA3F-CB0B994F85DF}.Debug|Any CPU.ActiveCfg = Debug|Any CPU
		{70D3ACCD-F8EA-4F04-BA3F-CB0B994F85DF}.Debug|Any CPU.Build.0 = Debug|Any CPU
		{70D3ACCD-F8EA-4F04-BA3F-CB0B994F85DF}.Release|Any CPU.ActiveCfg = Release|Any CPU
		{70D3ACCD-F8EA-4F04-BA3F-CB0B994F85DF}.Release|Any CPU.Build.0 = Release|Any CPU
		{C340AB64-D7BB-4D7D-ABB1-0A12262E77F4}.Debug|Any CPU.ActiveCfg = Debug|Any CPU
		{C340AB64-D7BB-4D7D-ABB1-0A12262E77F4}.Debug|Any CPU.Build.0 = Debug|Any CPU
		{C340AB64-D7BB-4D7D-ABB1-0A12262E77F4}.Release|Any CPU.ActiveCfg = Release|Any CPU
		{C340AB64-D7BB-4D7D-ABB1-0A12262E77F4}.Release|Any CPU.Build.0 = Release|Any CPU
		{B95F328B-C620-4BEF-8A2B-668C6FFE2A9A}.Debug|Any CPU.ActiveCfg = Debug|Any CPU
		{B95F328B-C620-4BEF-8A2B-668C6FFE2A9A}.Debug|Any CPU.Build.0 = Debug|Any CPU
		{B95F328B-C620-4BEF-8A2B-668C6FFE2A9A}.Release|Any CPU.ActiveCfg = Release|Any CPU
		{B95F328B-C620-4BEF-8A2B-668C6FFE2A9A}.Release|Any CPU.Build.0 = Release|Any CPU
		{1D15B745-3BD8-4F50-91EA-5C14FB1CDC65}.Debug|Any CPU.ActiveCfg = Debug|Any CPU
		{1D15B745-3BD8-4F50-91EA-5C14FB1CDC65}.Debug|Any CPU.Build.0 = Debug|Any CPU
		{1D15B745-3BD8-4F50-91EA-5C14FB1CDC65}.Release|Any CPU.ActiveCfg = Release|Any CPU
		{1D15B745-3BD8-4F50-91EA-5C14FB1CDC65}.Release|Any CPU.Build.0 = Release|Any CPU
		{8E28526F-288F-4E57-AC1D-6BB7DFDCA366}.Debug|Any CPU.ActiveCfg = Debug|Any CPU
		{8E28526F-288F-4E57-AC1D-6BB7DFDCA366}.Debug|Any CPU.Build.0 = Debug|Any CPU
		{8E28526F-288F-4E57-AC1D-6BB7DFDCA366}.Release|Any CPU.ActiveCfg = Release|Any CPU
		{8E28526F-288F-4E57-AC1D-6BB7DFDCA366}.Release|Any CPU.Build.0 = Release|Any CPU
	EndGlobalSection
EndGlobal
